// !$*UTF8*$!
{
	archiveVersion = 1;
	classes = {
	};
	objectVersion = 46;
	objects = {

/* Begin PBXBuildFile section */
		601876631BBB8563008B3D09 /* main.m in Sources */ = {isa = PBXBuildFile; fileRef = 601876621BBB8563008B3D09 /* main.m */; };
		601876661BBB8563008B3D09 /* AppDelegate.m in Sources */ = {isa = PBXBuildFile; fileRef = 601876651BBB8563008B3D09 /* AppDelegate.m */; };
		601876691BBB8563008B3D09 /* ViewController.m in Sources */ = {isa = PBXBuildFile; fileRef = 601876681BBB8563008B3D09 /* ViewController.m */; };
		6018766C1BBB8563008B3D09 /* Main.storyboard in Resources */ = {isa = PBXBuildFile; fileRef = 6018766A1BBB8563008B3D09 /* Main.storyboard */; };
		6018766E1BBB8563008B3D09 /* Images.xcassets in Resources */ = {isa = PBXBuildFile; fileRef = 6018766D1BBB8563008B3D09 /* Images.xcassets */; };
		601876711BBB8564008B3D09 /* LaunchScreen.xib in Resources */ = {isa = PBXBuildFile; fileRef = 6018766F1BBB8563008B3D09 /* LaunchScreen.xib */; };
		6018767D1BBB8564008B3D09 /* PKIMClientTests.m in Sources */ = {isa = PBXBuildFile; fileRef = 6018767C1BBB8564008B3D09 /* PKIMClientTests.m */; };
/* End PBXBuildFile section */

/* Begin PBXContainerItemProxy section */
		601876771BBB8564008B3D09 /* PBXContainerItemProxy */ = {
			isa = PBXContainerItemProxy;
			containerPortal = 601876551BBB8563008B3D09 /* Project object */;
			proxyType = 1;
			remoteGlobalIDString = 6018765C1BBB8563008B3D09;
			remoteInfo = PKIMClient;
		};
/* End PBXContainerItemProxy section */

/* Begin PBXFileReference section */
		6018765D1BBB8563008B3D09 /* PKIMClient.app */ = {isa = PBXFileReference; explicitFileType = wrapper.application; includeInIndex = 0; path = PKIMClient.app; sourceTree = BUILT_PRODUCTS_DIR; };
		601876611BBB8563008B3D09 /* Info.plist */ = {isa = PBXFileReference; lastKnownFileType = text.plist.xml; path = Info.plist; sourceTree = "<group>"; };
		601876621BBB8563008B3D09 /* main.m */ = {isa = PBXFileReference; lastKnownFileType = sourcecode.c.objc; path = main.m; sourceTree = "<group>"; };
		601876641BBB8563008B3D09 /* AppDelegate.h */ = {isa = PBXFileReference; lastKnownFileType = sourcecode.c.h; path = AppDelegate.h; sourceTree = "<group>"; };
		601876651BBB8563008B3D09 /* AppDelegate.m */ = {isa = PBXFileReference; lastKnownFileType = sourcecode.c.objc; path = AppDelegate.m; sourceTree = "<group>"; };
		601876671BBB8563008B3D09 /* ViewController.h */ = {isa = PBXFileReference; lastKnownFileType = sourcecode.c.h; path = ViewController.h; sourceTree = "<group>"; };
		601876681BBB8563008B3D09 /* ViewController.m */ = {isa = PBXFileReference; lastKnownFileType = sourcecode.c.objc; path = ViewController.m; sourceTree = "<group>"; };
		6018766B1BBB8563008B3D09 /* Base */ = {isa = PBXFileReference; lastKnownFileType = file.storyboard; name = Base; path = Base.lproj/Main.storyboard; sourceTree = "<group>"; };
		6018766D1BBB8563008B3D09 /* Images.xcassets */ = {isa = PBXFileReference; lastKnownFileType = folder.assetcatalog; path = Images.xcassets; sourceTree = "<group>"; };
		601876701BBB8564008B3D09 /* Base */ = {isa = PBXFileReference; lastKnownFileType = file.xib; name = Base; path = Base.lproj/LaunchScreen.xib; sourceTree = "<group>"; };
		601876761BBB8564008B3D09 /* PKIMClientTests.xctest */ = {isa = PBXFileReference; explicitFileType = wrapper.cfbundle; includeInIndex = 0; path = PKIMClientTests.xctest; sourceTree = BUILT_PRODUCTS_DIR; };
		6018767B1BBB8564008B3D09 /* Info.plist */ = {isa = PBXFileReference; lastKnownFileType = text.plist.xml; path = Info.plist; sourceTree = "<group>"; };
		6018767C1BBB8564008B3D09 /* PKIMClientTests.m */ = {isa = PBXFileReference; lastKnownFileType = sourcecode.c.objc; path = PKIMClientTests.m; sourceTree = "<group>"; };
/* End PBXFileReference section */

/* Begin PBXFrameworksBuildPhase section */
		6018765A1BBB8563008B3D09 /* Frameworks */ = {
			isa = PBXFrameworksBuildPhase;
			buildActionMask = 2147483647;
			files = (
			);
			runOnlyForDeploymentPostprocessing = 0;
		};
		601876731BBB8564008B3D09 /* Frameworks */ = {
			isa = PBXFrameworksBuildPhase;
			buildActionMask = 2147483647;
			files = (
			);
			runOnlyForDeploymentPostprocessing = 0;
		};
/* End PBXFrameworksBuildPhase section */

/* Begin PBXGroup section */
		601876541BBB8563008B3D09 = {
			isa = PBXGroup;
			children = (
				6018765F1BBB8563008B3D09 /* PKIMClient */,
				601876791BBB8564008B3D09 /* PKIMClientTests */,
				6018765E1BBB8563008B3D09 /* Products */,
			);
			sourceTree = "<group>";
		};
		6018765E1BBB8563008B3D09 /* Products */ = {
			isa = PBXGroup;
			children = (
				6018765D1BBB8563008B3D09 /* PKIMClient.app */,
				601876761BBB8564008B3D09 /* PKIMClientTests.xctest */,
			);
			name = Products;
			sourceTree = "<group>";
		};
		6018765F1BBB8563008B3D09 /* PKIMClient */ = {
			isa = PBXGroup;
			children = (
				601876641BBB8563008B3D09 /* AppDelegate.h */,
				601876651BBB8563008B3D09 /* AppDelegate.m */,
				601876671BBB8563008B3D09 /* ViewController.h */,
				601876681BBB8563008B3D09 /* ViewController.m */,
				6018766A1BBB8563008B3D09 /* Main.storyboard */,
				6018766D1BBB8563008B3D09 /* Images.xcassets */,
				6018766F1BBB8563008B3D09 /* LaunchScreen.xib */,
				601876601BBB8563008B3D09 /* Supporting Files */,
			);
			path = PKIMClient;
			sourceTree = "<group>";
		};
		601876601BBB8563008B3D09 /* Supporting Files */ = {
			isa = PBXGroup;
			children = (
				601876611BBB8563008B3D09 /* Info.plist */,
				601876621BBB8563008B3D09 /* main.m */,
			);
			name = "Supporting Files";
			sourceTree = "<group>";
		};
		601876791BBB8564008B3D09 /* PKIMClientTests */ = {
			isa = PBXGroup;
			children = (
				6018767C1BBB8564008B3D09 /* PKIMClientTests.m */,
				6018767A1BBB8564008B3D09 /* Supporting Files */,
			);
			path = PKIMClientTests;
			sourceTree = "<group>";
		};
		6018767A1BBB8564008B3D09 /* Supporting Files */ = {
			isa = PBXGroup;
			children = (
				6018767B1BBB8564008B3D09 /* Info.plist */,
			);
			name = "Supporting Files";
			sourceTree = "<group>";
		};
/* End PBXGroup section */

/* Begin PBXNativeTarget section */
		6018765C1BBB8563008B3D09 /* PKIMClient */ = {
			isa = PBXNativeTarget;
			buildConfigurationList = 601876801BBB8564008B3D09 /* Build configuration list for PBXNativeTarget "PKIMClient" */;
			buildPhases = (
				601876591BBB8563008B3D09 /* Sources */,
				6018765A1BBB8563008B3D09 /* Frameworks */,
				6018765B1BBB8563008B3D09 /* Resources */,
			);
			buildRules = (
			);
			dependencies = (
			);
			name = PKIMClient;
			productName = PKIMClient;
			productReference = 6018765D1BBB8563008B3D09 /* PKIMClient.app */;
			productType = "com.apple.product-type.application";
		};
		601876751BBB8564008B3D09 /* PKIMClientTests */ = {
			isa = PBXNativeTarget;
			buildConfigurationList = 601876831BBB8564008B3D09 /* Build configuration list for PBXNativeTarget "PKIMClientTests" */;
			buildPhases = (
				601876721BBB8564008B3D09 /* Sources */,
				601876731BBB8564008B3D09 /* Frameworks */,
				601876741BBB8564008B3D09 /* Resources */,
			);
			buildRules = (
			);
			dependencies = (
				601876781BBB8564008B3D09 /* PBXTargetDependency */,
			);
			name = PKIMClientTests;
			productName = PKIMClientTests;
			productReference = 601876761BBB8564008B3D09 /* PKIMClientTests.xctest */;
			productType = "com.apple.product-type.bundle.unit-test";
		};
/* End PBXNativeTarget section */

/* Begin PBXProject section */
		601876551BBB8563008B3D09 /* Project object */ = {
			isa = PBXProject;
			attributes = {
				LastUpgradeCheck = 0640;
				ORGANIZATIONNAME = packy;
				TargetAttributes = {
					6018765C1BBB8563008B3D09 = {
						CreatedOnToolsVersion = 6.4;
					};
					601876751BBB8564008B3D09 = {
						CreatedOnToolsVersion = 6.4;
						TestTargetID = 6018765C1BBB8563008B3D09;
					};
				};
			};
			buildConfigurationList = 601876581BBB8563008B3D09 /* Build configuration list for PBXProject "PKIMClient" */;
			compatibilityVersion = "Xcode 3.2";
			developmentRegion = English;
			hasScannedForEncodings = 0;
			knownRegions = (
				en,
				Base,
			);
			mainGroup = 601876541BBB8563008B3D09;
			productRefGroup = 6018765E1BBB8563008B3D09 /* Products */;
			projectDirPath = "";
			projectRoot = "";
			targets = (
				6018765C1BBB8563008B3D09 /* PKIMClient */,
				601876751BBB8564008B3D09 /* PKIMClientTests */,
			);
		};
/* End PBXProject section */

/* Begin PBXResourcesBuildPhase section */
		6018765B1BBB8563008B3D09 /* Resources */ = {
			isa = PBXResourcesBuildPhase;
			buildActionMask = 2147483647;
			files = (
				6018766C1BBB8563008B3D09 /* Main.storyboard in Resources */,
				601876711BBB8564008B3D09 /* LaunchScreen.xib in Resources */,
				6018766E1BBB8563008B3D09 /* Images.xcassets in Resources */,
			);
			runOnlyForDeploymentPostprocessing = 0;
		};
		601876741BBB8564008B3D09 /* Resources */ = {
			isa = PBXResourcesBuildPhase;
			buildActionMask = 2147483647;
			files = (
			);
			runOnlyForDeploymentPostprocessing = 0;
		};
/* End PBXResourcesBuildPhase section */

/* Begin PBXSourcesBuildPhase section */
		601876591BBB8563008B3D09 /* Sources */ = {
			isa = PBXSourcesBuildPhase;
			buildActionMask = 2147483647;
			files = (
				601876691BBB8563008B3D09 /* ViewController.m in Sources */,
				601876661BBB8563008B3D09 /* AppDelegate.m in Sources */,
				601876631BBB8563008B3D09 /* main.m in Sources */,
			);
			runOnlyForDeploymentPostprocessing = 0;
		};
		601876721BBB8564008B3D09 /* Sources */ = {
			isa = PBXSourcesBuildPhase;
			buildActionMask = 2147483647;
			files = (
				6018767D1BBB8564008B3D09 /* PKIMClientTests.m in Sources */,
			);
			runOnlyForDeploymentPostprocessing = 0;
		};
/* End PBXSourcesBuildPhase section */

/* Begin PBXTargetDependency section */
		601876781BBB8564008B3D09 /* PBXTargetDependency */ = {
			isa = PBXTargetDependency;
			target = 6018765C1BBB8563008B3D09 /* PKIMClient */;
			targetProxy = 601876771BBB8564008B3D09 /* PBXContainerItemProxy */;
		};
/* End PBXTargetDependency section */

/* Begin PBXVariantGroup section */
		6018766A1BBB8563008B3D09 /* Main.storyboard */ = {
			isa = PBXVariantGroup;
			children = (
				6018766B1BBB8563008B3D09 /* Base */,
			);
			name = Main.storyboard;
			sourceTree = "<group>";
		};
		6018766F1BBB8563008B3D09 /* LaunchScreen.xib */ = {
			isa = PBXVariantGroup;
			children = (
				601876701BBB8564008B3D09 /* Base */,
			);
			name = LaunchScreen.xib;
			sourceTree = "<group>";
		};
/* End PBXVariantGroup section */

/* Begin XCBuildConfiguration section */
		6018767E1BBB8564008B3D09 /* Debug */ = {
			isa = XCBuildConfiguration;
			buildSettings = {
				ALWAYS_SEARCH_USER_PATHS = NO;
				CLANG_CXX_LANGUAGE_STANDARD = "gnu++0x";
				CLANG_CXX_LIBRARY = "libc++";
				CLANG_ENABLE_MODULES = YES;
				CLANG_ENABLE_OBJC_ARC = YES;
				CLANG_WARN_BOOL_CONVERSION = YES;
				CLANG_WARN_CONSTANT_CONVERSION = YES;
				CLANG_WARN_DIRECT_OBJC_ISA_USAGE = YES_ERROR;
				CLANG_WARN_EMPTY_BODY = YES;
				CLANG_WARN_ENUM_CONVERSION = YES;
				CLANG_WARN_INT_CONVERSION = YES;
				CLANG_WARN_OBJC_ROOT_CLASS = YES_ERROR;
				CLANG_WARN_UNREACHABLE_CODE = YES;
				CLANG_WARN__DUPLICATE_METHOD_MATCH = YES;
				"CODE_SIGN_IDENTITY[sdk=iphoneos*]" = "iPhone Developer";
				COPY_PHASE_STRIP = NO;
				DEBUG_INFORMATION_FORMAT = "dwarf-with-dsym";
				ENABLE_STRICT_OBJC_MSGSEND = YES;
				GCC_C_LANGUAGE_STANDARD = gnu99;
				GCC_DYNAMIC_NO_PIC = NO;
				GCC_NO_COMMON_BLOCKS = YES;
				GCC_OPTIMIZATION_LEVEL = 0;
				GCC_PREPROCESSOR_DEFINITIONS = (
					"DEBUG=1",
					"$(inherited)",
				);
				GCC_SYMBOLS_PRIVATE_EXTERN = NO;
				GCC_WARN_64_TO_32_BIT_CONVERSION = YES;
				GCC_WARN_ABOUT_RETURN_TYPE = YES_ERROR;
				GCC_WARN_UNDECLARED_SELECTOR = YES;
				GCC_WARN_UNINITIALIZED_AUTOS = YES_AGGRESSIVE;
				GCC_WARN_UNUSED_FUNCTION = YES;
				GCC_WARN_UNUSED_VARIABLE = YES;
				IPHONEOS_DEPLOYMENT_TARGET = 8.4;
				MTL_ENABLE_DEBUG_INFO = YES;
				ONLY_ACTIVE_ARCH = YES;
				SDKROOT = iphoneos;
				TARGETED_DEVICE_FAMILY = "1,2";
			};
			name = Debug;
		};
		6018767F1BBB8564008B3D09 /* Release */ = {
			isa = XCBuildConfiguration;
			buildSettings = {
				ALWAYS_SEARCH_USER_PATHS = NO;
				CLANG_CXX_LANGUAGE_STANDARD = "gnu++0x";
				CLANG_CXX_LIBRARY = "libc++";
				CLANG_ENABLE_MODULES = YES;
				CLANG_ENABLE_OBJC_ARC = YES;
				CLANG_WARN_BOOL_CONVERSION = YES;
				CLANG_WARN_CONSTANT_CONVERSION = YES;
				CLANG_WARN_DIRECT_OBJC_ISA_USAGE = YES_ERROR;
				CLANG_WARN_EMPTY_BODY = YES;
				CLANG_WARN_ENUM_CONVERSION = YES;
				CLANG_WARN_INT_CONVERSION = YES;
				CLANG_WARN_OBJC_ROOT_CLASS = YES_ERROR;
				CLANG_WARN_UNREACHABLE_CODE = YES;
				CLANG_WARN__DUPLICATE_METHOD_MATCH = YES;
				"CODE_SIGN_IDENTITY[sdk=iphoneos*]" = "iPhone Developer";
				COPY_PHASE_STRIP = NO;
				DEBUG_INFORMATION_FORMAT = "dwarf-with-dsym";
				ENABLE_NS_ASSERTIONS = NO;
				ENABLE_STRICT_OBJC_MSGSEND = YES;
				GCC_C_LANGUAGE_STANDARD = gnu99;
				GCC_NO_COMMON_BLOCKS = YES;
				GCC_WARN_64_TO_32_BIT_CONVERSION = YES;
				GCC_WARN_ABOUT_RETURN_TYPE = YES_ERROR;
				GCC_WARN_UNDECLARED_SELECTOR = YES;
				GCC_WARN_UNINITIALIZED_AUTOS = YES_AGGRESSIVE;
				GCC_WARN_UNUSED_FUNCTION = YES;
				GCC_WARN_UNUSED_VARIABLE = YES;
				IPHONEOS_DEPLOYMENT_TARGET = 8.4;
				MTL_ENABLE_DEBUG_INFO = NO;
				SDKROOT = iphoneos;
				TARGETED_DEVICE_FAMILY = "1,2";
				VALIDATE_PRODUCT = YES;
			};
			name = Release;
		};
		601876811BBB8564008B3D09 /* Debug */ = {
			isa = XCBuildConfiguration;
			buildSettings = {
				ASSETCATALOG_COMPILER_APPICON_NAME = AppIcon;
				INFOPLIST_FILE = PKIMClient/Info.plist;
				LD_RUNPATH_SEARCH_PATHS = "$(inherited) @executable_path/Frameworks";
				PRODUCT_NAME = "$(TARGET_NAME)";
			};
			name = Debug;
		};
		601876821BBB8564008B3D09 /* Release */ = {
			isa = XCBuildConfiguration;
			buildSettings = {
				ASSETCATALOG_COMPILER_APPICON_NAME = AppIcon;
				INFOPLIST_FILE = PKIMClient/Info.plist;
				LD_RUNPATH_SEARCH_PATHS = "$(inherited) @executable_path/Frameworks";
				PRODUCT_NAME = "$(TARGET_NAME)";
			};
			name = Release;
		};
		601876841BBB8564008B3D09 /* Debug */ = {
			isa = XCBuildConfiguration;
			buildSettings = {
				BUNDLE_LOADER = "$(TEST_HOST)";
				FRAMEWORK_SEARCH_PATHS = (
					"$(SDKROOT)/Developer/Library/Frameworks",
					"$(inherited)",
				);
				GCC_PREPROCESSOR_DEFINITIONS = (
					"DEBUG=1",
					"$(inherited)",
				);
				INFOPLIST_FILE = PKIMClientTests/Info.plist;
				LD_RUNPATH_SEARCH_PATHS = "$(inherited) @executable_path/Frameworks @loader_path/Frameworks";
				PRODUCT_NAME = "$(TARGET_NAME)";
				TEST_HOST = "$(BUILT_PRODUCTS_DIR)/PKIMClient.app/PKIMClient";
			};
			name = Debug;
		};
		601876851BBB8564008B3D09 /* Release */ = {
			isa = XCBuildConfiguration;
			buildSettings = {
				BUNDLE_LOADER = "$(TEST_HOST)";
				FRAMEWORK_SEARCH_PATHS = (
					"$(SDKROOT)/Developer/Library/Frameworks",
					"$(inherited)",
				);
				INFOPLIST_FILE = PKIMClientTests/Info.plist;
				LD_RUNPATH_SEARCH_PATHS = "$(inherited) @executable_path/Frameworks @loader_path/Frameworks";
				PRODUCT_NAME = "$(TARGET_NAME)";
				TEST_HOST = "$(BUILT_PRODUCTS_DIR)/PKIMClient.app/PKIMClient";
			};
			name = Release;
		};
/* End XCBuildConfiguration section */

/* Begin XCConfigurationList section */
		601876581BBB8563008B3D09 /* Build configuration list for PBXProject "PKIMClient" */ = {
			isa = XCConfigurationList;
			buildConfigurations = (
				6018767E1BBB8564008B3D09 /* Debug */,
				6018767F1BBB8564008B3D09 /* Release */,
			);
			defaultConfigurationIsVisible = 0;
			defaultConfigurationName = Release;
		};
		601876801BBB8564008B3D09 /* Build configuration list for PBXNativeTarget "PKIMClient" */ = {
			isa = XCConfigurationList;
			buildConfigurations = (
				601876811BBB8564008B3D09 /* Debug */,
				601876821BBB8564008B3D09 /* Release */,
			);
			defaultConfigurationIsVisible = 0;
		};
		601876831BBB8564008B3D09 /* Build configuration list for PBXNativeTarget "PKIMClientTests" */ = {
			isa = XCConfigurationList;
			buildConfigurations = (
				601876841BBB8564008B3D09 /* Debug */,
				601876851BBB8564008B3D09 /* Release */,
			);
			defaultConfigurationIsVisible = 0;
		};
/* End XCConfigurationList section */
	};
	rootObject = 601876551BBB8563008B3D09 /* Project object */;
}
